{
  "requires": true,
  "lockfileVersion": 1,
  "dependencies": {
    "nouislider": {
      "version": "14.5.0",
      "resolved": "https://registry.npmjs.org/nouislider/-/nouislider-14.5.0.tgz",
      "integrity": "sha512-EzI2Y0pO+x20c8yHLvhmT9HXexkbncXHKcnNb6abN48a3F8QEGb73v2W6aPolQytoyjCalUrozSeHBTlpz2jfg=="
    }
  }
}
